// !$*UTF8*$!
{
	archiveVersion = 1;
	classes = {
	};
	objectVersion = 46;
	objects = {

/* Begin PBXBuildFile section */
		F082AC2716257A190031528B /* CalculatorView.xib in Resources */ = {isa = PBXBuildFile; fileRef = F082AC2616257A190031528B /* CalculatorView.xib */; };
		F08A088E16258217009BB29D /* CalculatorView.m in Sources */ = {isa = PBXBuildFile; fileRef = F08A088D16258217009BB29D /* CalculatorView.m */; };
		F0BD983D162AA9C400659295 /* AddEntryViewController.m in Sources */ = {isa = PBXBuildFile; fileRef = F0BD983C162AA9C400659295 /* AddEntryViewController.m */; };
		F0BD987E162BB9C700659295 /* MagicalImportFunctions.m in Sources */ = {isa = PBXBuildFile; fileRef = F0BD9846162BB9C700659295 /* MagicalImportFunctions.m */; };
		F0BD987F162BB9C700659295 /* NSAttributeDescription+MagicalDataImport.m in Sources */ = {isa = PBXBuildFile; fileRef = F0BD9848162BB9C700659295 /* NSAttributeDescription+MagicalDataImport.m */; };
		F0BD9880162BB9C700659295 /* NSEntityDescription+MagicalDataImport.m in Sources */ = {isa = PBXBuildFile; fileRef = F0BD984A162BB9C700659295 /* NSEntityDescription+MagicalDataImport.m */; };
		F0BD9881162BB9C700659295 /* NSNumber+MagicalDataImport.m in Sources */ = {isa = PBXBuildFile; fileRef = F0BD984C162BB9C700659295 /* NSNumber+MagicalDataImport.m */; };
		F0BD9882162BB9C700659295 /* NSObject+MagicalDataImport.m in Sources */ = {isa = PBXBuildFile; fileRef = F0BD984E162BB9C700659295 /* NSObject+MagicalDataImport.m */; };
		F0BD9883162BB9C700659295 /* NSRelationshipDescription+MagicalDataImport.m in Sources */ = {isa = PBXBuildFile; fileRef = F0BD9850162BB9C700659295 /* NSRelationshipDescription+MagicalDataImport.m */; };
		F0BD9884162BB9C700659295 /* NSString+MagicalDataImport.m in Sources */ = {isa = PBXBuildFile; fileRef = F0BD9852162BB9C700659295 /* NSString+MagicalDataImport.m */; };
		F0BD9885162BB9C700659295 /* NSManagedObject+MagicalAggregation.m in Sources */ = {isa = PBXBuildFile; fileRef = F0BD9855162BB9C700659295 /* NSManagedObject+MagicalAggregation.m */; };
		F0BD9886162BB9C700659295 /* NSManagedObject+MagicalDataImport.m in Sources */ = {isa = PBXBuildFile; fileRef = F0BD9857162BB9C700659295 /* NSManagedObject+MagicalDataImport.m */; };
		F0BD9887162BB9C700659295 /* NSManagedObject+MagicalFinders.m in Sources */ = {isa = PBXBuildFile; fileRef = F0BD9859162BB9C700659295 /* NSManagedObject+MagicalFinders.m */; };
		F0BD9888162BB9C700659295 /* NSManagedObject+MagicalRecord.m in Sources */ = {isa = PBXBuildFile; fileRef = F0BD985B162BB9C700659295 /* NSManagedObject+MagicalRecord.m */; };
		F0BD9889162BB9C700659295 /* NSManagedObject+MagicalRequests.m in Sources */ = {isa = PBXBuildFile; fileRef = F0BD985D162BB9C700659295 /* NSManagedObject+MagicalRequests.m */; };
		F0BD988A162BB9C700659295 /* NSManagedObjectContext+MagicalObserving.m in Sources */ = {isa = PBXBuildFile; fileRef = F0BD9860162BB9C700659295 /* NSManagedObjectContext+MagicalObserving.m */; };
		F0BD988B162BB9C700659295 /* NSManagedObjectContext+MagicalRecord.m in Sources */ = {isa = PBXBuildFile; fileRef = F0BD9862162BB9C700659295 /* NSManagedObjectContext+MagicalRecord.m */; };
		F0BD988C162BB9C700659295 /* NSManagedObjectContext+MagicalSaves.m in Sources */ = {isa = PBXBuildFile; fileRef = F0BD9864162BB9C700659295 /* NSManagedObjectContext+MagicalSaves.m */; };
		F0BD988D162BB9C700659295 /* NSManagedObjectContext+MagicalThreading.m in Sources */ = {isa = PBXBuildFile; fileRef = F0BD9866162BB9C700659295 /* NSManagedObjectContext+MagicalThreading.m */; };
		F0BD988E162BB9C700659295 /* NSManagedObjectModel+MagicalRecord.m in Sources */ = {isa = PBXBuildFile; fileRef = F0BD9868162BB9C700659295 /* NSManagedObjectModel+MagicalRecord.m */; };
		F0BD988F162BB9C700659295 /* NSPersistentStore+MagicalRecord.m in Sources */ = {isa = PBXBuildFile; fileRef = F0BD986A162BB9C700659295 /* NSPersistentStore+MagicalRecord.m */; };
		F0BD9890162BB9C700659295 /* NSPersistentStoreCoordinator+MagicalRecord.m in Sources */ = {isa = PBXBuildFile; fileRef = F0BD986C162BB9C700659295 /* NSPersistentStoreCoordinator+MagicalRecord.m */; };
		F0BD9891162BB9C700659295 /* MagicalRecord+Actions.m in Sources */ = {isa = PBXBuildFile; fileRef = F0BD986F162BB9C700659295 /* MagicalRecord+Actions.m */; };
		F0BD9892162BB9C700659295 /* MagicalRecord+ErrorHandling.m in Sources */ = {isa = PBXBuildFile; fileRef = F0BD9871162BB9C700659295 /* MagicalRecord+ErrorHandling.m */; };
		F0BD9893162BB9C700659295 /* MagicalRecord+iCloud.m in Sources */ = {isa = PBXBuildFile; fileRef = F0BD9873162BB9C700659295 /* MagicalRecord+iCloud.m */; };
		F0BD9894162BB9C700659295 /* MagicalRecord+Options.m in Sources */ = {isa = PBXBuildFile; fileRef = F0BD9875162BB9C700659295 /* MagicalRecord+Options.m */; };
		F0BD9895162BB9C700659295 /* MagicalRecord+Setup.m in Sources */ = {isa = PBXBuildFile; fileRef = F0BD9877162BB9C700659295 /* MagicalRecord+Setup.m */; };
		F0BD9896162BB9C700659295 /* MagicalRecord+ShorthandSupport.m in Sources */ = {isa = PBXBuildFile; fileRef = F0BD9879162BB9C700659295 /* MagicalRecord+ShorthandSupport.m */; };
		F0BD9897162BB9C700659295 /* MagicalRecord.m in Sources */ = {isa = PBXBuildFile; fileRef = F0BD987B162BB9C700659295 /* MagicalRecord.m */; };
		F0D457B816244768000B6B87 /* UIKit.framework in Frameworks */ = {isa = PBXBuildFile; fileRef = F0D457B716244768000B6B87 /* UIKit.framework */; };
		F0D457BA16244768000B6B87 /* Foundation.framework in Frameworks */ = {isa = PBXBuildFile; fileRef = F0D457B916244768000B6B87 /* Foundation.framework */; };
		F0D457BC16244768000B6B87 /* CoreGraphics.framework in Frameworks */ = {isa = PBXBuildFile; fileRef = F0D457BB16244768000B6B87 /* CoreGraphics.framework */; };
		F0D457BE16244768000B6B87 /* CoreData.framework in Frameworks */ = {isa = PBXBuildFile; fileRef = F0D457BD16244768000B6B87 /* CoreData.framework */; };
		F0D457C416244768000B6B87 /* InfoPlist.strings in Resources */ = {isa = PBXBuildFile; fileRef = F0D457C216244768000B6B87 /* InfoPlist.strings */; };
		F0D457C616244768000B6B87 /* main.m in Sources */ = {isa = PBXBuildFile; fileRef = F0D457C516244768000B6B87 /* main.m */; };
		F0D457CA16244768000B6B87 /* AppDelegate.m in Sources */ = {isa = PBXBuildFile; fileRef = F0D457C916244768000B6B87 /* AppDelegate.m */; };
		F0D457CC16244768000B6B87 /* Default.png in Resources */ = {isa = PBXBuildFile; fileRef = F0D457CB16244768000B6B87 /* Default.png */; };
		F0D457CE16244768000B6B87 /* Default@2x.png in Resources */ = {isa = PBXBuildFile; fileRef = F0D457CD16244768000B6B87 /* Default@2x.png */; };
		F0D457D016244768000B6B87 /* Default-568h@2x.png in Resources */ = {isa = PBXBuildFile; fileRef = F0D457CF16244768000B6B87 /* Default-568h@2x.png */; };
		F0D457D316244768000B6B87 /* MainStoryboard_iPhone.storyboard in Resources */ = {isa = PBXBuildFile; fileRef = F0D457D116244768000B6B87 /* MainStoryboard_iPhone.storyboard */; };
		F0D457D616244768000B6B87 /* MainStoryboard_iPad.storyboard in Resources */ = {isa = PBXBuildFile; fileRef = F0D457D416244768000B6B87 /* MainStoryboard_iPad.storyboard */; };
		F0D457D916244768000B6B87 /* CigoFirst.xcdatamodeld in Sources */ = {isa = PBXBuildFile; fileRef = F0D457D716244768000B6B87 /* CigoFirst.xcdatamodeld */; };
		F0D457DC16244768000B6B87 /* MasterViewController.m in Sources */ = {isa = PBXBuildFile; fileRef = F0D457DB16244768000B6B87 /* MasterViewController.m */; };
		F0D457DF16244768000B6B87 /* DetailViewController.m in Sources */ = {isa = PBXBuildFile; fileRef = F0D457DE16244768000B6B87 /* DetailViewController.m */; };
		F0D457EF162449E6000B6B87 /* MBProgressHUD.m in Sources */ = {isa = PBXBuildFile; fileRef = F0D457EE162449E6000B6B87 /* MBProgressHUD.m */; settings = {COMPILER_FLAGS = "-fno-objc-arc"; }; };
		F0D457F216244E4D000B6B87 /* Utility.m in Sources */ = {isa = PBXBuildFile; fileRef = F0D457F116244E4D000B6B87 /* Utility.m */; settings = {COMPILER_FLAGS = "-fno-objc-arc"; }; };
		F0D457FE162454D8000B6B87 /* imageviewer_return.png in Resources */ = {isa = PBXBuildFile; fileRef = F0D457F4162454D7000B6B87 /* imageviewer_return.png */; };
		F0D457FF162454D8000B6B87 /* imageviewer_save.png in Resources */ = {isa = PBXBuildFile; fileRef = F0D457F5162454D7000B6B87 /* imageviewer_save.png */; };
		F0D45800162454D8000B6B87 /* imageviewer_toolbar_background.png in Resources */ = {isa = PBXBuildFile; fileRef = F0D457F6162454D7000B6B87 /* imageviewer_toolbar_background.png */; };
		F0D45801162454D8000B6B87 /* PhotoViewer.m in Sources */ = {isa = PBXBuildFile; fileRef = F0D457F8162454D7000B6B87 /* PhotoViewer.m */; settings = {COMPILER_FLAGS = "-fno-objc-arc"; }; };
		F0D45802162454D8000B6B87 /* PhotoViewer.xib in Resources */ = {isa = PBXBuildFile; fileRef = F0D457F9162454D7000B6B87 /* PhotoViewer.xib */; };
		F0D45803162454D8000B6B87 /* rotate_left.png in Resources */ = {isa = PBXBuildFile; fileRef = F0D457FA162454D7000B6B87 /* rotate_left.png */; };
		F0D45804162454D8000B6B87 /* rotate_right.png in Resources */ = {isa = PBXBuildFile; fileRef = F0D457FB162454D7000B6B87 /* rotate_right.png */; };
		F0D45805162454D8000B6B87 /* zoom_in.png in Resources */ = {isa = PBXBuildFile; fileRef = F0D457FC162454D7000B6B87 /* zoom_in.png */; };
		F0D45806162454D8000B6B87 /* zoom_out.png in Resources */ = {isa = PBXBuildFile; fileRef = F0D457FD162454D7000B6B87 /* zoom_out.png */; };
		F0D4580E162454E9000B6B87 /* blueArrow.png in Resources */ = {isa = PBXBuildFile; fileRef = F0D45808162454E9000B6B87 /* blueArrow.png */; };
		F0D4580F162454E9000B6B87 /* blueArrow@2x.png in Resources */ = {isa = PBXBuildFile; fileRef = F0D45809162454E9000B6B87 /* blueArrow@2x.png */; };
		F0D45810162454E9000B6B87 /* blueArrowDown.png in Resources */ = {isa = PBXBuildFile; fileRef = F0D4580A162454E9000B6B87 /* blueArrowDown.png */; };
		F0D45811162454E9000B6B87 /* blueArrowDown@2x.png in Resources */ = {isa = PBXBuildFile; fileRef = F0D4580B162454E9000B6B87 /* blueArrowDown@2x.png */; };
		F0D45812162454E9000B6B87 /* PullingRefreshTableView.m in Sources */ = {isa = PBXBuildFile; fileRef = F0D4580D162454E9000B6B87 /* PullingRefreshTableView.m */; settings = {COMPILER_FLAGS = "-fno-objc-arc"; }; };
		F0D4582D1624554E000B6B87 /* EGOCache.m in Sources */ = {isa = PBXBuildFile; fileRef = F0D458161624554E000B6B87 /* EGOCache.m */; settings = {COMPILER_FLAGS = "-fno-objc-arc"; }; };
		F0D4582E1624554E000B6B87 /* EGOImageButton.m in Sources */ = {isa = PBXBuildFile; fileRef = F0D458191624554E000B6B87 /* EGOImageButton.m */; settings = {COMPILER_FLAGS = "-fno-objc-arc"; }; };
		F0D4582F1624554E000B6B87 /* EGOImageLoadConnection.m in Sources */ = {isa = PBXBuildFile; fileRef = F0D4581C1624554E000B6B87 /* EGOImageLoadConnection.m */; settings = {COMPILER_FLAGS = "-fno-objc-arc"; }; };
		F0D458301624554E000B6B87 /* EGOImageLoader.m in Sources */ = {isa = PBXBuildFile; fileRef = F0D4581E1624554E000B6B87 /* EGOImageLoader.m */; settings = {COMPILER_FLAGS = "-fno-objc-arc"; }; };
		F0D458311624554E000B6B87 /* EGOImageView.m in Sources */ = {isa = PBXBuildFile; fileRef = F0D458211624554E000B6B87 /* EGOImageView.m */; settings = {COMPILER_FLAGS = "-fno-objc-arc"; }; };
		F0D4583416245630000B6B87 /* QuartzCore.framework in Frameworks */ = {isa = PBXBuildFile; fileRef = F0D4583216245623000B6B87 /* QuartzCore.framework */; };
		F0FDECD616259D0A00EFF6DF /* AddContactViewController.m in Sources */ = {isa = PBXBuildFile; fileRef = F0FDECD516259D0A00EFF6DF /* AddContactViewController.m */; };
		F0FDECE51625AA2200EFF6DF /* User.m in Sources */ = {isa = PBXBuildFile; fileRef = F0FDECE41625AA2200EFF6DF /* User.m */; };
/* End PBXBuildFile section */

/* Begin PBXFileReference section */
		F082AC2616257A190031528B /* CalculatorView.xib */ = {isa = PBXFileReference; fileEncoding = 4; lastKnownFileType = file.xib; path = CalculatorView.xib; sourceTree = "<group>"; };
		F08A088C16258217009BB29D /* CalculatorView.h */ = {isa = PBXFileReference; fileEncoding = 4; lastKnownFileType = sourcecode.c.h; path = CalculatorView.h; sourceTree = "<group>"; };
		F08A088D16258217009BB29D /* CalculatorView.m */ = {isa = PBXFileReference; fileEncoding = 4; lastKnownFileType = sourcecode.c.objc; path = CalculatorView.m; sourceTree = "<group>"; };
		F0BD983B162AA9C400659295 /* AddEntryViewController.h */ = {isa = PBXFileReference; fileEncoding = 4; lastKnownFileType = sourcecode.c.h; path = AddEntryViewController.h; sourceTree = "<group>"; };
		F0BD983C162AA9C400659295 /* AddEntryViewController.m */ = {isa = PBXFileReference; fileEncoding = 4; lastKnownFileType = sourcecode.c.objc; path = AddEntryViewController.m; sourceTree = "<group>"; };
		F0BD9845162BB9C700659295 /* MagicalImportFunctions.h */ = {isa = PBXFileReference; fileEncoding = 4; lastKnownFileType = sourcecode.c.h; path = MagicalImportFunctions.h; sourceTree = "<group>"; };
		F0BD9846162BB9C700659295 /* MagicalImportFunctions.m */ = {isa = PBXFileReference; fileEncoding = 4; lastKnownFileType = sourcecode.c.objc; path = MagicalImportFunctions.m; sourceTree = "<group>"; };
		F0BD9847162BB9C700659295 /* NSAttributeDescription+MagicalDataImport.h */ = {isa = PBXFileReference; fileEncoding = 4; lastKnownFileType = sourcecode.c.h; path = "NSAttributeDescription+MagicalDataImport.h"; sourceTree = "<group>"; };
		F0BD9848162BB9C700659295 /* NSAttributeDescription+MagicalDataImport.m */ = {isa = PBXFileReference; fileEncoding = 4; lastKnownFileType = sourcecode.c.objc; path = "NSAttributeDescription+MagicalDataImport.m"; sourceTree = "<group>"; };
		F0BD9849162BB9C700659295 /* NSEntityDescription+MagicalDataImport.h */ = {isa = PBXFileReference; fileEncoding = 4; lastKnownFileType = sourcecode.c.h; path = "NSEntityDescription+MagicalDataImport.h"; sourceTree = "<group>"; };
		F0BD984A162BB9C700659295 /* NSEntityDescription+MagicalDataImport.m */ = {isa = PBXFileReference; fileEncoding = 4; lastKnownFileType = sourcecode.c.objc; path = "NSEntityDescription+MagicalDataImport.m"; sourceTree = "<group>"; };
		F0BD984B162BB9C700659295 /* NSNumber+MagicalDataImport.h */ = {isa = PBXFileReference; fileEncoding = 4; lastKnownFileType = sourcecode.c.h; path = "NSNumber+MagicalDataImport.h"; sourceTree = "<group>"; };
		F0BD984C162BB9C700659295 /* NSNumber+MagicalDataImport.m */ = {isa = PBXFileReference; fileEncoding = 4; lastKnownFileType = sourcecode.c.objc; path = "NSNumber+MagicalDataImport.m"; sourceTree = "<group>"; };
		F0BD984D162BB9C700659295 /* NSObject+MagicalDataImport.h */ = {isa = PBXFileReference; fileEncoding = 4; lastKnownFileType = sourcecode.c.h; path = "NSObject+MagicalDataImport.h"; sourceTree = "<group>"; };
		F0BD984E162BB9C700659295 /* NSObject+MagicalDataImport.m */ = {isa = PBXFileReference; fileEncoding = 4; lastKnownFileType = sourcecode.c.objc; path = "NSObject+MagicalDataImport.m"; sourceTree = "<group>"; };
		F0BD984F162BB9C700659295 /* NSRelationshipDescription+MagicalDataImport.h */ = {isa = PBXFileReference; fileEncoding = 4; lastKnownFileType = sourcecode.c.h; path = "NSRelationshipDescription+MagicalDataImport.h"; sourceTree = "<group>"; };
		F0BD9850162BB9C700659295 /* NSRelationshipDescription+MagicalDataImport.m */ = {isa = PBXFileReference; fileEncoding = 4; lastKnownFileType = sourcecode.c.objc; path = "NSRelationshipDescription+MagicalDataImport.m"; sourceTree = "<group>"; };
		F0BD9851162BB9C700659295 /* NSString+MagicalDataImport.h */ = {isa = PBXFileReference; fileEncoding = 4; lastKnownFileType = sourcecode.c.h; path = "NSString+MagicalDataImport.h"; sourceTree = "<group>"; };
		F0BD9852162BB9C700659295 /* NSString+MagicalDataImport.m */ = {isa = PBXFileReference; fileEncoding = 4; lastKnownFileType = sourcecode.c.objc; path = "NSString+MagicalDataImport.m"; sourceTree = "<group>"; };
		F0BD9854162BB9C700659295 /* NSManagedObject+MagicalAggregation.h */ = {isa = PBXFileReference; fileEncoding = 4; lastKnownFileType = sourcecode.c.h; path = "NSManagedObject+MagicalAggregation.h"; sourceTree = "<group>"; };
		F0BD9855162BB9C700659295 /* NSManagedObject+MagicalAggregation.m */ = {isa = PBXFileReference; fileEncoding = 4; lastKnownFileType = sourcecode.c.objc; path = "NSManagedObject+MagicalAggregation.m"; sourceTree = "<group>"; };
		F0BD9856162BB9C700659295 /* NSManagedObject+MagicalDataImport.h */ = {isa = PBXFileReference; fileEncoding = 4; lastKnownFileType = sourcecode.c.h; path = "NSManagedObject+MagicalDataImport.h"; sourceTree = "<group>"; };
		F0BD9857162BB9C700659295 /* NSManagedObject+MagicalDataImport.m */ = {isa = PBXFileReference; fileEncoding = 4; lastKnownFileType = sourcecode.c.objc; path = "NSManagedObject+MagicalDataImport.m"; sourceTree = "<group>"; };
		F0BD9858162BB9C700659295 /* NSManagedObject+MagicalFinders.h */ = {isa = PBXFileReference; fileEncoding = 4; lastKnownFileType = sourcecode.c.h; path = "NSManagedObject+MagicalFinders.h"; sourceTree = "<group>"; };
		F0BD9859162BB9C700659295 /* NSManagedObject+MagicalFinders.m */ = {isa = PBXFileReference; fileEncoding = 4; lastKnownFileType = sourcecode.c.objc; path = "NSManagedObject+MagicalFinders.m"; sourceTree = "<group>"; };
		F0BD985A162BB9C700659295 /* NSManagedObject+MagicalRecord.h */ = {isa = PBXFileReference; fileEncoding = 4; lastKnownFileType = sourcecode.c.h; path = "NSManagedObject+MagicalRecord.h"; sourceTree = "<group>"; };
		F0BD985B162BB9C700659295 /* NSManagedObject+MagicalRecord.m */ = {isa = PBXFileReference; fileEncoding = 4; lastKnownFileType = sourcecode.c.objc; path = "NSManagedObject+MagicalRecord.m"; sourceTree = "<group>"; };
		F0BD985C162BB9C700659295 /* NSManagedObject+MagicalRequests.h */ = {isa = PBXFileReference; fileEncoding = 4; lastKnownFileType = sourcecode.c.h; path = "NSManagedObject+MagicalRequests.h"; sourceTree = "<group>"; };
		F0BD985D162BB9C700659295 /* NSManagedObject+MagicalRequests.m */ = {isa = PBXFileReference; fileEncoding = 4; lastKnownFileType = sourcecode.c.objc; path = "NSManagedObject+MagicalRequests.m"; sourceTree = "<group>"; };
		F0BD985F162BB9C700659295 /* NSManagedObjectContext+MagicalObserving.h */ = {isa = PBXFileReference; fileEncoding = 4; lastKnownFileType = sourcecode.c.h; path = "NSManagedObjectContext+MagicalObserving.h"; sourceTree = "<group>"; };
		F0BD9860162BB9C700659295 /* NSManagedObjectContext+MagicalObserving.m */ = {isa = PBXFileReference; fileEncoding = 4; lastKnownFileType = sourcecode.c.objc; path = "NSManagedObjectContext+MagicalObserving.m"; sourceTree = "<group>"; };
		F0BD9861162BB9C700659295 /* NSManagedObjectContext+MagicalRecord.h */ = {isa = PBXFileReference; fileEncoding = 4; lastKnownFileType = sourcecode.c.h; path = "NSManagedObjectContext+MagicalRecord.h"; sourceTree = "<group>"; };
		F0BD9862162BB9C700659295 /* NSManagedObjectContext+MagicalRecord.m */ = {isa = PBXFileReference; fileEncoding = 4; lastKnownFileType = sourcecode.c.objc; path = "NSManagedObjectContext+MagicalRecord.m"; sourceTree = "<group>"; };
		F0BD9863162BB9C700659295 /* NSManagedObjectContext+MagicalSaves.h */ = {isa = PBXFileReference; fileEncoding = 4; lastKnownFileType = sourcecode.c.h; path = "NSManagedObjectContext+MagicalSaves.h"; sourceTree = "<group>"; };
		F0BD9864162BB9C700659295 /* NSManagedObjectContext+MagicalSaves.m */ = {isa = PBXFileReference; fileEncoding = 4; lastKnownFileType = sourcecode.c.objc; path = "NSManagedObjectContext+MagicalSaves.m"; sourceTree = "<group>"; };
		F0BD9865162BB9C700659295 /* NSManagedObjectContext+MagicalThreading.h */ = {isa = PBXFileReference; fileEncoding = 4; lastKnownFileType = sourcecode.c.h; path = "NSManagedObjectContext+MagicalThreading.h"; sourceTree = "<group>"; };
		F0BD9866162BB9C700659295 /* NSManagedObjectContext+MagicalThreading.m */ = {isa = PBXFileReference; fileEncoding = 4; lastKnownFileType = sourcecode.c.objc; path = "NSManagedObjectContext+MagicalThreading.m"; sourceTree = "<group>"; };
		F0BD9867162BB9C700659295 /* NSManagedObjectModel+MagicalRecord.h */ = {isa = PBXFileReference; fileEncoding = 4; lastKnownFileType = sourcecode.c.h; path = "NSManagedObjectModel+MagicalRecord.h"; sourceTree = "<group>"; };
		F0BD9868162BB9C700659295 /* NSManagedObjectModel+MagicalRecord.m */ = {isa = PBXFileReference; fileEncoding = 4; lastKnownFileType = sourcecode.c.objc; path = "NSManagedObjectModel+MagicalRecord.m"; sourceTree = "<group>"; };
		F0BD9869162BB9C700659295 /* NSPersistentStore+MagicalRecord.h */ = {isa = PBXFileReference; fileEncoding = 4; lastKnownFileType = sourcecode.c.h; path = "NSPersistentStore+MagicalRecord.h"; sourceTree = "<group>"; };
		F0BD986A162BB9C700659295 /* NSPersistentStore+MagicalRecord.m */ = {isa = PBXFileReference; fileEncoding = 4; lastKnownFileType = sourcecode.c.objc; path = "NSPersistentStore+MagicalRecord.m"; sourceTree = "<group>"; };
		F0BD986B162BB9C700659295 /* NSPersistentStoreCoordinator+MagicalRecord.h */ = {isa = PBXFileReference; fileEncoding = 4; lastKnownFileType = sourcecode.c.h; path = "NSPersistentStoreCoordinator+MagicalRecord.h"; sourceTree = "<group>"; };
		F0BD986C162BB9C700659295 /* NSPersistentStoreCoordinator+MagicalRecord.m */ = {isa = PBXFileReference; fileEncoding = 4; lastKnownFileType = sourcecode.c.objc; path = "NSPersistentStoreCoordinator+MagicalRecord.m"; sourceTree = "<group>"; };
		F0BD986E162BB9C700659295 /* MagicalRecord+Actions.h */ = {isa = PBXFileReference; fileEncoding = 4; lastKnownFileType = sourcecode.c.h; path = "MagicalRecord+Actions.h"; sourceTree = "<group>"; };
		F0BD986F162BB9C700659295 /* MagicalRecord+Actions.m */ = {isa = PBXFileReference; fileEncoding = 4; lastKnownFileType = sourcecode.c.objc; path = "MagicalRecord+Actions.m"; sourceTree = "<group>"; };
		F0BD9870162BB9C700659295 /* MagicalRecord+ErrorHandling.h */ = {isa = PBXFileReference; fileEncoding = 4; lastKnownFileType = sourcecode.c.h; path = "MagicalRecord+ErrorHandling.h"; sourceTree = "<group>"; };
		F0BD9871162BB9C700659295 /* MagicalRecord+ErrorHandling.m */ = {isa = PBXFileReference; fileEncoding = 4; lastKnownFileType = sourcecode.c.objc; path = "MagicalRecord+ErrorHandling.m"; sourceTree = "<group>"; };
		F0BD9872162BB9C700659295 /* MagicalRecord+iCloud.h */ = {isa = PBXFileReference; fileEncoding = 4; lastKnownFileType = sourcecode.c.h; path = "MagicalRecord+iCloud.h"; sourceTree = "<group>"; };
		F0BD9873162BB9C700659295 /* MagicalRecord+iCloud.m */ = {isa = PBXFileReference; fileEncoding = 4; lastKnownFileType = sourcecode.c.objc; path = "MagicalRecord+iCloud.m"; sourceTree = "<group>"; };
		F0BD9874162BB9C700659295 /* MagicalRecord+Options.h */ = {isa = PBXFileReference; fileEncoding = 4; lastKnownFileType = sourcecode.c.h; path = "MagicalRecord+Options.h"; sourceTree = "<group>"; };
		F0BD9875162BB9C700659295 /* MagicalRecord+Options.m */ = {isa = PBXFileReference; fileEncoding = 4; lastKnownFileType = sourcecode.c.objc; path = "MagicalRecord+Options.m"; sourceTree = "<group>"; };
		F0BD9876162BB9C700659295 /* MagicalRecord+Setup.h */ = {isa = PBXFileReference; fileEncoding = 4; lastKnownFileType = sourcecode.c.h; path = "MagicalRecord+Setup.h"; sourceTree = "<group>"; };
		F0BD9877162BB9C700659295 /* MagicalRecord+Setup.m */ = {isa = PBXFileReference; fileEncoding = 4; lastKnownFileType = sourcecode.c.objc; path = "MagicalRecord+Setup.m"; sourceTree = "<group>"; };
		F0BD9878162BB9C700659295 /* MagicalRecord+ShorthandSupport.h */ = {isa = PBXFileReference; fileEncoding = 4; lastKnownFileType = sourcecode.c.h; path = "MagicalRecord+ShorthandSupport.h"; sourceTree = "<group>"; };
		F0BD9879162BB9C700659295 /* MagicalRecord+ShorthandSupport.m */ = {isa = PBXFileReference; fileEncoding = 4; lastKnownFileType = sourcecode.c.objc; path = "MagicalRecord+ShorthandSupport.m"; sourceTree = "<group>"; };
		F0BD987A162BB9C700659295 /* MagicalRecord.h */ = {isa = PBXFileReference; fileEncoding = 4; lastKnownFileType = sourcecode.c.h; path = MagicalRecord.h; sourceTree = "<group>"; };
		F0BD987B162BB9C700659295 /* MagicalRecord.m */ = {isa = PBXFileReference; fileEncoding = 4; lastKnownFileType = sourcecode.c.objc; path = MagicalRecord.m; sourceTree = "<group>"; };
		F0BD987C162BB9C700659295 /* MagicalRecordShorthand.h */ = {isa = PBXFileReference; fileEncoding = 4; lastKnownFileType = sourcecode.c.h; path = MagicalRecordShorthand.h; sourceTree = "<group>"; };
		F0BD987D162BB9C700659295 /* CoreData+MagicalRecord.h */ = {isa = PBXFileReference; fileEncoding = 4; lastKnownFileType = sourcecode.c.h; path = "CoreData+MagicalRecord.h"; sourceTree = "<group>"; };
		F0D457B316244768000B6B87 /* CigoTour.app */ = {isa = PBXFileReference; explicitFileType = wrapper.application; includeInIndex = 0; path = CigoTour.app; sourceTree = BUILT_PRODUCTS_DIR; };
		F0D457B716244768000B6B87 /* UIKit.framework */ = {isa = PBXFileReference; lastKnownFileType = wrapper.framework; name = UIKit.framework; path = System/Library/Frameworks/UIKit.framework; sourceTree = SDKROOT; };
		F0D457B916244768000B6B87 /* Foundation.framework */ = {isa = PBXFileReference; lastKnownFileType = wrapper.framework; name = Foundation.framework; path = System/Library/Frameworks/Foundation.framework; sourceTree = SDKROOT; };
		F0D457BB16244768000B6B87 /* CoreGraphics.framework */ = {isa = PBXFileReference; lastKnownFileType = wrapper.framework; name = CoreGraphics.framework; path = System/Library/Frameworks/CoreGraphics.framework; sourceTree = SDKROOT; };
		F0D457BD16244768000B6B87 /* CoreData.framework */ = {isa = PBXFileReference; lastKnownFileType = wrapper.framework; name = CoreData.framework; path = System/Library/Frameworks/CoreData.framework; sourceTree = SDKROOT; };
		F0D457C116244768000B6B87 /* CigoFirst-Info.plist */ = {isa = PBXFileReference; lastKnownFileType = text.plist.xml; path = "CigoFirst-Info.plist"; sourceTree = "<group>"; };
		F0D457C316244768000B6B87 /* en */ = {isa = PBXFileReference; lastKnownFileType = text.plist.strings; name = en; path = en.lproj/InfoPlist.strings; sourceTree = "<group>"; };
		F0D457C516244768000B6B87 /* main.m */ = {isa = PBXFileReference; lastKnownFileType = sourcecode.c.objc; path = main.m; sourceTree = "<group>"; };
		F0D457C716244768000B6B87 /* CigoFirst-Prefix.pch */ = {isa = PBXFileReference; lastKnownFileType = sourcecode.c.h; path = "CigoFirst-Prefix.pch"; sourceTree = "<group>"; };
		F0D457C816244768000B6B87 /* AppDelegate.h */ = {isa = PBXFileReference; lastKnownFileType = sourcecode.c.h; path = AppDelegate.h; sourceTree = "<group>"; };
		F0D457C916244768000B6B87 /* AppDelegate.m */ = {isa = PBXFileReference; lastKnownFileType = sourcecode.c.objc; path = AppDelegate.m; sourceTree = "<group>"; };
		F0D457CB16244768000B6B87 /* Default.png */ = {isa = PBXFileReference; lastKnownFileType = image.png; path = Default.png; sourceTree = "<group>"; };
		F0D457CD16244768000B6B87 /* Default@2x.png */ = {isa = PBXFileReference; lastKnownFileType = image.png; path = "Default@2x.png"; sourceTree = "<group>"; };
		F0D457CF16244768000B6B87 /* Default-568h@2x.png */ = {isa = PBXFileReference; lastKnownFileType = image.png; path = "Default-568h@2x.png"; sourceTree = "<group>"; };
		F0D457D216244768000B6B87 /* en */ = {isa = PBXFileReference; lastKnownFileType = file.storyboard; name = en; path = en.lproj/MainStoryboard_iPhone.storyboard; sourceTree = "<group>"; };
		F0D457D516244768000B6B87 /* en */ = {isa = PBXFileReference; lastKnownFileType = file.storyboard; name = en; path = en.lproj/MainStoryboard_iPad.storyboard; sourceTree = "<group>"; };
		F0D457D816244768000B6B87 /* CigoFirst.xcdatamodel */ = {isa = PBXFileReference; lastKnownFileType = wrapper.xcdatamodel; path = CigoFirst.xcdatamodel; sourceTree = "<group>"; };
		F0D457DA16244768000B6B87 /* MasterViewController.h */ = {isa = PBXFileReference; lastKnownFileType = sourcecode.c.h; path = MasterViewController.h; sourceTree = "<group>"; };
		F0D457DB16244768000B6B87 /* MasterViewController.m */ = {isa = PBXFileReference; lastKnownFileType = sourcecode.c.objc; path = MasterViewController.m; sourceTree = "<group>"; };
		F0D457DD16244768000B6B87 /* DetailViewController.h */ = {isa = PBXFileReference; lastKnownFileType = sourcecode.c.h; path = DetailViewController.h; sourceTree = "<group>"; };
		F0D457DE16244768000B6B87 /* DetailViewController.m */ = {isa = PBXFileReference; lastKnownFileType = sourcecode.c.objc; path = DetailViewController.m; sourceTree = "<group>"; };
		F0D457ED162449E6000B6B87 /* MBProgressHUD.h */ = {isa = PBXFileReference; fileEncoding = 4; lastKnownFileType = sourcecode.c.h; path = MBProgressHUD.h; sourceTree = "<group>"; };
		F0D457EE162449E6000B6B87 /* MBProgressHUD.m */ = {isa = PBXFileReference; fileEncoding = 4; lastKnownFileType = sourcecode.c.objc; path = MBProgressHUD.m; sourceTree = "<group>"; };
		F0D457F016244E4D000B6B87 /* Utility.h */ = {isa = PBXFileReference; fileEncoding = 4; lastKnownFileType = sourcecode.c.h; path = Utility.h; sourceTree = "<group>"; };
		F0D457F116244E4D000B6B87 /* Utility.m */ = {isa = PBXFileReference; fileEncoding = 4; lastKnownFileType = sourcecode.c.objc; path = Utility.m; sourceTree = "<group>"; };
		F0D457F4162454D7000B6B87 /* imageviewer_return.png */ = {isa = PBXFileReference; lastKnownFileType = image.png; path = imageviewer_return.png; sourceTree = "<group>"; };
		F0D457F5162454D7000B6B87 /* imageviewer_save.png */ = {isa = PBXFileReference; lastKnownFileType = image.png; path = imageviewer_save.png; sourceTree = "<group>"; };
		F0D457F6162454D7000B6B87 /* imageviewer_toolbar_background.png */ = {isa = PBXFileReference; lastKnownFileType = image.png; path = imageviewer_toolbar_background.png; sourceTree = "<group>"; };
		F0D457F7162454D7000B6B87 /* PhotoViewer.h */ = {isa = PBXFileReference; fileEncoding = 4; lastKnownFileType = sourcecode.c.h; path = PhotoViewer.h; sourceTree = "<group>"; };
		F0D457F8162454D7000B6B87 /* PhotoViewer.m */ = {isa = PBXFileReference; fileEncoding = 4; lastKnownFileType = sourcecode.c.objc; path = PhotoViewer.m; sourceTree = "<group>"; };
		F0D457F9162454D7000B6B87 /* PhotoViewer.xib */ = {isa = PBXFileReference; fileEncoding = 4; lastKnownFileType = file.xib; path = PhotoViewer.xib; sourceTree = "<group>"; };
		F0D457FA162454D7000B6B87 /* rotate_left.png */ = {isa = PBXFileReference; lastKnownFileType = image.png; path = rotate_left.png; sourceTree = "<group>"; };
		F0D457FB162454D7000B6B87 /* rotate_right.png */ = {isa = PBXFileReference; lastKnownFileType = image.png; path = rotate_right.png; sourceTree = "<group>"; };
		F0D457FC162454D7000B6B87 /* zoom_in.png */ = {isa = PBXFileReference; lastKnownFileType = image.png; path = zoom_in.png; sourceTree = "<group>"; };
		F0D457FD162454D7000B6B87 /* zoom_out.png */ = {isa = PBXFileReference; lastKnownFileType = image.png; path = zoom_out.png; sourceTree = "<group>"; };
		F0D45808162454E9000B6B87 /* blueArrow.png */ = {isa = PBXFileReference; lastKnownFileType = image.png; path = blueArrow.png; sourceTree = "<group>"; };
		F0D45809162454E9000B6B87 /* blueArrow@2x.png */ = {isa = PBXFileReference; lastKnownFileType = image.png; path = "blueArrow@2x.png"; sourceTree = "<group>"; };
		F0D4580A162454E9000B6B87 /* blueArrowDown.png */ = {isa = PBXFileReference; lastKnownFileType = image.png; path = blueArrowDown.png; sourceTree = "<group>"; };
		F0D4580B162454E9000B6B87 /* blueArrowDown@2x.png */ = {isa = PBXFileReference; lastKnownFileType = image.png; path = "blueArrowDown@2x.png"; sourceTree = "<group>"; };
		F0D4580C162454E9000B6B87 /* PullingRefreshTableView.h */ = {isa = PBXFileReference; fileEncoding = 4; lastKnownFileType = sourcecode.c.h; path = PullingRefreshTableView.h; sourceTree = "<group>"; };
		F0D4580D162454E9000B6B87 /* PullingRefreshTableView.m */ = {isa = PBXFileReference; fileEncoding = 4; lastKnownFileType = sourcecode.c.objc; path = PullingRefreshTableView.m; sourceTree = "<group>"; };
		F0D458151624554E000B6B87 /* EGOCache.h */ = {isa = PBXFileReference; fileEncoding = 4; lastKnownFileType = sourcecode.c.h; path = EGOCache.h; sourceTree = "<group>"; };
		F0D458161624554E000B6B87 /* EGOCache.m */ = {isa = PBXFileReference; fileEncoding = 4; lastKnownFileType = sourcecode.c.objc; path = EGOCache.m; sourceTree = "<group>"; };
		F0D458181624554E000B6B87 /* EGOImageButton.h */ = {isa = PBXFileReference; fileEncoding = 4; lastKnownFileType = sourcecode.c.h; path = EGOImageButton.h; sourceTree = "<group>"; };
		F0D458191624554E000B6B87 /* EGOImageButton.m */ = {isa = PBXFileReference; fileEncoding = 4; lastKnownFileType = sourcecode.c.objc; path = EGOImageButton.m; sourceTree = "<group>"; };
		F0D4581B1624554E000B6B87 /* EGOImageLoadConnection.h */ = {isa = PBXFileReference; fileEncoding = 4; lastKnownFileType = sourcecode.c.h; path = EGOImageLoadConnection.h; sourceTree = "<group>"; };
		F0D4581C1624554E000B6B87 /* EGOImageLoadConnection.m */ = {isa = PBXFileReference; fileEncoding = 4; lastKnownFileType = sourcecode.c.objc; path = EGOImageLoadConnection.m; sourceTree = "<group>"; };
		F0D4581D1624554E000B6B87 /* EGOImageLoader.h */ = {isa = PBXFileReference; fileEncoding = 4; lastKnownFileType = sourcecode.c.h; path = EGOImageLoader.h; sourceTree = "<group>"; };
		F0D4581E1624554E000B6B87 /* EGOImageLoader.m */ = {isa = PBXFileReference; fileEncoding = 4; lastKnownFileType = sourcecode.c.objc; path = EGOImageLoader.m; sourceTree = "<group>"; };
		F0D458201624554E000B6B87 /* EGOImageView.h */ = {isa = PBXFileReference; fileEncoding = 4; lastKnownFileType = sourcecode.c.h; path = EGOImageView.h; sourceTree = "<group>"; };
		F0D458211624554E000B6B87 /* EGOImageView.m */ = {isa = PBXFileReference; fileEncoding = 4; lastKnownFileType = sourcecode.c.objc; path = EGOImageView.m; sourceTree = "<group>"; };
		F0D4583216245623000B6B87 /* QuartzCore.framework */ = {isa = PBXFileReference; lastKnownFileType = wrapper.framework; name = QuartzCore.framework; path = System/Library/Frameworks/QuartzCore.framework; sourceTree = SDKROOT; };
		F0FDECD416259D0A00EFF6DF /* AddContactViewController.h */ = {isa = PBXFileReference; fileEncoding = 4; lastKnownFileType = sourcecode.c.h; path = AddContactViewController.h; sourceTree = "<group>"; };
		F0FDECD516259D0A00EFF6DF /* AddContactViewController.m */ = {isa = PBXFileReference; fileEncoding = 4; lastKnownFileType = sourcecode.c.objc; path = AddContactViewController.m; sourceTree = "<group>"; };
		F0FDECE31625AA2200EFF6DF /* User.h */ = {isa = PBXFileReference; fileEncoding = 4; lastKnownFileType = sourcecode.c.h; name = User.h; path = ../User.h; sourceTree = "<group>"; };
		F0FDECE41625AA2200EFF6DF /* User.m */ = {isa = PBXFileReference; fileEncoding = 4; lastKnownFileType = sourcecode.c.objc; name = User.m; path = ../User.m; sourceTree = "<group>"; };
/* End PBXFileReference section */

/* Begin PBXFrameworksBuildPhase section */
		F0D457B016244768000B6B87 /* Frameworks */ = {
			isa = PBXFrameworksBuildPhase;
			buildActionMask = 2147483647;
			files = (
				F0D457B816244768000B6B87 /* UIKit.framework in Frameworks */,
				F0D457BA16244768000B6B87 /* Foundation.framework in Frameworks */,
				F0D457BC16244768000B6B87 /* CoreGraphics.framework in Frameworks */,
				F0D457BE16244768000B6B87 /* CoreData.framework in Frameworks */,
				F0D4583416245630000B6B87 /* QuartzCore.framework in Frameworks */,
			);
			runOnlyForDeploymentPostprocessing = 0;
		};
/* End PBXFrameworksBuildPhase section */

/* Begin PBXGroup section */
		F0BD9842162BB9C700659295 /* MagicalRecord */ = {
			isa = PBXGroup;
			children = (
				F0BD9843162BB9C700659295 /* Categories */,
				F0BD986D162BB9C700659295 /* Core */,
				F0BD987D162BB9C700659295 /* CoreData+MagicalRecord.h */,
			);
			path = MagicalRecord;
			sourceTree = "<group>";
		};
		F0BD9843162BB9C700659295 /* Categories */ = {
			isa = PBXGroup;
			children = (
				F0BD9844162BB9C700659295 /* DataImport */,
				F0BD9853162BB9C700659295 /* NSManagedObject */,
				F0BD985E162BB9C700659295 /* NSManagedObjectContext */,
				F0BD9867162BB9C700659295 /* NSManagedObjectModel+MagicalRecord.h */,
				F0BD9868162BB9C700659295 /* NSManagedObjectModel+MagicalRecord.m */,
				F0BD9869162BB9C700659295 /* NSPersistentStore+MagicalRecord.h */,
				F0BD986A162BB9C700659295 /* NSPersistentStore+MagicalRecord.m */,
				F0BD986B162BB9C700659295 /* NSPersistentStoreCoordinator+MagicalRecord.h */,
				F0BD986C162BB9C700659295 /* NSPersistentStoreCoordinator+MagicalRecord.m */,
			);
			path = Categories;
			sourceTree = "<group>";
		};
		F0BD9844162BB9C700659295 /* DataImport */ = {
			isa = PBXGroup;
			children = (
				F0BD9845162BB9C700659295 /* MagicalImportFunctions.h */,
				F0BD9846162BB9C700659295 /* MagicalImportFunctions.m */,
				F0BD9847162BB9C700659295 /* NSAttributeDescription+MagicalDataImport.h */,
				F0BD9848162BB9C700659295 /* NSAttributeDescription+MagicalDataImport.m */,
				F0BD9849162BB9C700659295 /* NSEntityDescription+MagicalDataImport.h */,
				F0BD984A162BB9C700659295 /* NSEntityDescription+MagicalDataImport.m */,
				F0BD984B162BB9C700659295 /* NSNumber+MagicalDataImport.h */,
				F0BD984C162BB9C700659295 /* NSNumber+MagicalDataImport.m */,
				F0BD984D162BB9C700659295 /* NSObject+MagicalDataImport.h */,
				F0BD984E162BB9C700659295 /* NSObject+MagicalDataImport.m */,
				F0BD984F162BB9C700659295 /* NSRelationshipDescription+MagicalDataImport.h */,
				F0BD9850162BB9C700659295 /* NSRelationshipDescription+MagicalDataImport.m */,
				F0BD9851162BB9C700659295 /* NSString+MagicalDataImport.h */,
				F0BD9852162BB9C700659295 /* NSString+MagicalDataImport.m */,
			);
			path = DataImport;
			sourceTree = "<group>";
		};
		F0BD9853162BB9C700659295 /* NSManagedObject */ = {
			isa = PBXGroup;
			children = (
				F0BD9854162BB9C700659295 /* NSManagedObject+MagicalAggregation.h */,
				F0BD9855162BB9C700659295 /* NSManagedObject+MagicalAggregation.m */,
				F0BD9856162BB9C700659295 /* NSManagedObject+MagicalDataImport.h */,
				F0BD9857162BB9C700659295 /* NSManagedObject+MagicalDataImport.m */,
				F0BD9858162BB9C700659295 /* NSManagedObject+MagicalFinders.h */,
				F0BD9859162BB9C700659295 /* NSManagedObject+MagicalFinders.m */,
				F0BD985A162BB9C700659295 /* NSManagedObject+MagicalRecord.h */,
				F0BD985B162BB9C700659295 /* NSManagedObject+MagicalRecord.m */,
				F0BD985C162BB9C700659295 /* NSManagedObject+MagicalRequests.h */,
				F0BD985D162BB9C700659295 /* NSManagedObject+MagicalRequests.m */,
			);
			path = NSManagedObject;
			sourceTree = "<group>";
		};
		F0BD985E162BB9C700659295 /* NSManagedObjectContext */ = {
			isa = PBXGroup;
			children = (
				F0BD985F162BB9C700659295 /* NSManagedObjectContext+MagicalObserving.h */,
				F0BD9860162BB9C700659295 /* NSManagedObjectContext+MagicalObserving.m */,
				F0BD9861162BB9C700659295 /* NSManagedObjectContext+MagicalRecord.h */,
				F0BD9862162BB9C700659295 /* NSManagedObjectContext+MagicalRecord.m */,
				F0BD9863162BB9C700659295 /* NSManagedObjectContext+MagicalSaves.h */,
				F0BD9864162BB9C700659295 /* NSManagedObjectContext+MagicalSaves.m */,
				F0BD9865162BB9C700659295 /* NSManagedObjectContext+MagicalThreading.h */,
				F0BD9866162BB9C700659295 /* NSManagedObjectContext+MagicalThreading.m */,
			);
			path = NSManagedObjectContext;
			sourceTree = "<group>";
		};
		F0BD986D162BB9C700659295 /* Core */ = {
			isa = PBXGroup;
			children = (
				F0BD986E162BB9C700659295 /* MagicalRecord+Actions.h */,
				F0BD986F162BB9C700659295 /* MagicalRecord+Actions.m */,
				F0BD9870162BB9C700659295 /* MagicalRecord+ErrorHandling.h */,
				F0BD9871162BB9C700659295 /* MagicalRecord+ErrorHandling.m */,
				F0BD9872162BB9C700659295 /* MagicalRecord+iCloud.h */,
				F0BD9873162BB9C700659295 /* MagicalRecord+iCloud.m */,
				F0BD9874162BB9C700659295 /* MagicalRecord+Options.h */,
				F0BD9875162BB9C700659295 /* MagicalRecord+Options.m */,
				F0BD9876162BB9C700659295 /* MagicalRecord+Setup.h */,
				F0BD9877162BB9C700659295 /* MagicalRecord+Setup.m */,
				F0BD9878162BB9C700659295 /* MagicalRecord+ShorthandSupport.h */,
				F0BD9879162BB9C700659295 /* MagicalRecord+ShorthandSupport.m */,
				F0BD987A162BB9C700659295 /* MagicalRecord.h */,
				F0BD987B162BB9C700659295 /* MagicalRecord.m */,
				F0BD987C162BB9C700659295 /* MagicalRecordShorthand.h */,
			);
			path = Core;
			sourceTree = "<group>";
		};
		F0D457A816244768000B6B87 = {
			isa = PBXGroup;
			children = (
				F0D457BF16244768000B6B87 /* CigoProject */,
				F0D457B616244768000B6B87 /* Frameworks */,
				F0D457B416244768000B6B87 /* Products */,
			);
			sourceTree = "<group>";
		};
		F0D457B416244768000B6B87 /* Products */ = {
			isa = PBXGroup;
			children = (
				F0D457B316244768000B6B87 /* CigoTour.app */,
			);
			name = Products;
			sourceTree = "<group>";
		};
		F0D457B616244768000B6B87 /* Frameworks */ = {
			isa = PBXGroup;
			children = (
				F0D4583216245623000B6B87 /* QuartzCore.framework */,
				F0D457B716244768000B6B87 /* UIKit.framework */,
				F0D457B916244768000B6B87 /* Foundation.framework */,
				F0D457BB16244768000B6B87 /* CoreGraphics.framework */,
				F0D457BD16244768000B6B87 /* CoreData.framework */,
			);
			name = Frameworks;
			sourceTree = "<group>";
		};
		F0D457BF16244768000B6B87 /* CigoProject */ = {
			isa = PBXGroup;
			children = (
				F0FDECE61625AA3100EFF6DF /* Models */,
				F0D457EB1624498F000B6B87 /* Classes */,
				F0D457EA16244980000B6B87 /* Libraries */,
				F0D457E516244926000B6B87 /* Resources */,
				F0D457C016244768000B6B87 /* Supporting Files */,
			);
			name = CigoProject;
			path = CigoFirst;
			sourceTree = "<group>";
		};
		F0D457C016244768000B6B87 /* Supporting Files */ = {
			isa = PBXGroup;
			children = (
				F0D457C116244768000B6B87 /* CigoFirst-Info.plist */,
				F0D457C216244768000B6B87 /* InfoPlist.strings */,
				F0D457C516244768000B6B87 /* main.m */,
				F0D457C716244768000B6B87 /* CigoFirst-Prefix.pch */,
				F0D457CB16244768000B6B87 /* Default.png */,
				F0D457CD16244768000B6B87 /* Default@2x.png */,
				F0D457CF16244768000B6B87 /* Default-568h@2x.png */,
			);
			name = "Supporting Files";
			sourceTree = "<group>";
		};
		F0D457E516244926000B6B87 /* Resources */ = {
			isa = PBXGroup;
			children = (
				F0D457D716244768000B6B87 /* CigoFirst.xcdatamodeld */,
				F0D457D116244768000B6B87 /* MainStoryboard_iPhone.storyboard */,
				F0D457D416244768000B6B87 /* MainStoryboard_iPad.storyboard */,
				F082AC2616257A190031528B /* CalculatorView.xib */,
			);
			name = Resources;
			path = ..;
			sourceTree = "<group>";
		};
		F0D457EA16244980000B6B87 /* Libraries */ = {
			isa = PBXGroup;
			children = (
				F0BD9842162BB9C700659295 /* MagicalRecord */,
				F0D458131624554E000B6B87 /* EGO */,
				F0D45807162454E9000B6B87 /* PullingRefresh */,
				F0D457F3162454D7000B6B87 /* PhotoViewer */,
				F0D457EC162449E6000B6B87 /* HUD */,
			);
			name = Libraries;
			sourceTree = "<group>";
		};
		F0D457EB1624498F000B6B87 /* Classes */ = {
			isa = PBXGroup;
			children = (
				F0D457C816244768000B6B87 /* AppDelegate.h */,
				F0D457C916244768000B6B87 /* AppDelegate.m */,
				F0D457DA16244768000B6B87 /* MasterViewController.h */,
				F0D457DB16244768000B6B87 /* MasterViewController.m */,
				F0D457DD16244768000B6B87 /* DetailViewController.h */,
				F0D457DE16244768000B6B87 /* DetailViewController.m */,
				F0D457F016244E4D000B6B87 /* Utility.h */,
				F0D457F116244E4D000B6B87 /* Utility.m */,
				F08A088C16258217009BB29D /* CalculatorView.h */,
				F08A088D16258217009BB29D /* CalculatorView.m */,
				F0FDECD416259D0A00EFF6DF /* AddContactViewController.h */,
				F0FDECD516259D0A00EFF6DF /* AddContactViewController.m */,
				F0BD983B162AA9C400659295 /* AddEntryViewController.h */,
				F0BD983C162AA9C400659295 /* AddEntryViewController.m */,
			);
			name = Classes;
			sourceTree = "<group>";
		};
		F0D457EC162449E6000B6B87 /* HUD */ = {
			isa = PBXGroup;
			children = (
				F0D457ED162449E6000B6B87 /* MBProgressHUD.h */,
				F0D457EE162449E6000B6B87 /* MBProgressHUD.m */,
			);
			path = HUD;
			sourceTree = "<group>";
		};
		F0D457F3162454D7000B6B87 /* PhotoViewer */ = {
			isa = PBXGroup;
			children = (
				F0D457F4162454D7000B6B87 /* imageviewer_return.png */,
				F0D457F5162454D7000B6B87 /* imageviewer_save.png */,
				F0D457F6162454D7000B6B87 /* imageviewer_toolbar_background.png */,
				F0D457F7162454D7000B6B87 /* PhotoViewer.h */,
				F0D457F8162454D7000B6B87 /* PhotoViewer.m */,
				F0D457F9162454D7000B6B87 /* PhotoViewer.xib */,
				F0D457FA162454D7000B6B87 /* rotate_left.png */,
				F0D457FB162454D7000B6B87 /* rotate_right.png */,
				F0D457FC162454D7000B6B87 /* zoom_in.png */,
				F0D457FD162454D7000B6B87 /* zoom_out.png */,
			);
			path = PhotoViewer;
			sourceTree = "<group>";
		};
		F0D45807162454E9000B6B87 /* PullingRefresh */ = {
			isa = PBXGroup;
			children = (
				F0D45808162454E9000B6B87 /* blueArrow.png */,
				F0D45809162454E9000B6B87 /* blueArrow@2x.png */,
				F0D4580A162454E9000B6B87 /* blueArrowDown.png */,
				F0D4580B162454E9000B6B87 /* blueArrowDown@2x.png */,
				F0D4580C162454E9000B6B87 /* PullingRefreshTableView.h */,
				F0D4580D162454E9000B6B87 /* PullingRefreshTableView.m */,
			);
			path = PullingRefresh;
			sourceTree = "<group>";
		};
		F0D458131624554E000B6B87 /* EGO */ = {
			isa = PBXGroup;
			children = (
				F0D458141624554E000B6B87 /* EGOCache */,
				F0D458171624554E000B6B87 /* EGOImageButton */,
				F0D4581A1624554E000B6B87 /* EGOImageLoader */,
				F0D4581F1624554E000B6B87 /* EGOImageView */,
				F0D458221624554E000B6B87 /* EGOPhotoViewer */,
			);
			path = EGO;
			sourceTree = "<group>";
		};
		F0D458141624554E000B6B87 /* EGOCache */ = {
			isa = PBXGroup;
			children = (
				F0D458151624554E000B6B87 /* EGOCache.h */,
				F0D458161624554E000B6B87 /* EGOCache.m */,
			);
			path = EGOCache;
			sourceTree = "<group>";
		};
		F0D458171624554E000B6B87 /* EGOImageButton */ = {
			isa = PBXGroup;
			children = (
				F0D458181624554E000B6B87 /* EGOImageButton.h */,
				F0D458191624554E000B6B87 /* EGOImageButton.m */,
			);
			path = EGOImageButton;
			sourceTree = "<group>";
		};
		F0D4581A1624554E000B6B87 /* EGOImageLoader */ = {
			isa = PBXGroup;
			children = (
				F0D4581B1624554E000B6B87 /* EGOImageLoadConnection.h */,
				F0D4581C1624554E000B6B87 /* EGOImageLoadConnection.m */,
				F0D4581D1624554E000B6B87 /* EGOImageLoader.h */,
				F0D4581E1624554E000B6B87 /* EGOImageLoader.m */,
			);
			path = EGOImageLoader;
			sourceTree = "<group>";
		};
		F0D4581F1624554E000B6B87 /* EGOImageView */ = {
			isa = PBXGroup;
			children = (
				F0D458201624554E000B6B87 /* EGOImageView.h */,
				F0D458211624554E000B6B87 /* EGOImageView.m */,
			);
			path = EGOImageView;
			sourceTree = "<group>";
		};
		F0D458221624554E000B6B87 /* EGOPhotoViewer */ = {
			isa = PBXGroup;
			children = (
				F0D458231624554E000B6B87 /* Controller */,
				F0D458251624554E000B6B87 /* Model */,
				F0D458281624554E000B6B87 /* Resources */,
				F0D458291624554E000B6B87 /* Views */,
			);
			path = EGOPhotoViewer;
			sourceTree = "<group>";
		};
		F0D458231624554E000B6B87 /* Controller */ = {
			isa = PBXGroup;
			children = (
				F0D458241624554E000B6B87 /* EGOPhotoViewController */,
			);
			path = Controller;
			sourceTree = "<group>";
		};
		F0D458241624554E000B6B87 /* EGOPhotoViewController */ = {
			isa = PBXGroup;
			children = (
			);
			path = EGOPhotoViewController;
			sourceTree = "<group>";
		};
		F0D458251624554E000B6B87 /* Model */ = {
			isa = PBXGroup;
			children = (
				F0D458261624554E000B6B87 /* EGOPhotoSource */,
				F0D458271624554E000B6B87 /* EGOQuickPhoto */,
			);
			path = Model;
			sourceTree = "<group>";
		};
		F0D458261624554E000B6B87 /* EGOPhotoSource */ = {
			isa = PBXGroup;
			children = (
			);
			path = EGOPhotoSource;
			sourceTree = "<group>";
		};
		F0D458271624554E000B6B87 /* EGOQuickPhoto */ = {
			isa = PBXGroup;
			children = (
			);
			path = EGOQuickPhoto;
			sourceTree = "<group>";
		};
		F0D458281624554E000B6B87 /* Resources */ = {
			isa = PBXGroup;
			children = (
			);
			path = Resources;
			sourceTree = "<group>";
		};
		F0D458291624554E000B6B87 /* Views */ = {
			isa = PBXGroup;
			children = (
				F0D4582A1624554E000B6B87 /* EGOPhotoCaptionView */,
				F0D4582B1624554E000B6B87 /* EGOPhotoImageView */,
				F0D4582C1624554E000B6B87 /* EGOPhotoScrollView */,
			);
			path = Views;
			sourceTree = "<group>";
		};
		F0D4582A1624554E000B6B87 /* EGOPhotoCaptionView */ = {
			isa = PBXGroup;
			children = (
			);
			path = EGOPhotoCaptionView;
			sourceTree = "<group>";
		};
		F0D4582B1624554E000B6B87 /* EGOPhotoImageView */ = {
			isa = PBXGroup;
			children = (
			);
			path = EGOPhotoImageView;
			sourceTree = "<group>";
		};
		F0D4582C1624554E000B6B87 /* EGOPhotoScrollView */ = {
			isa = PBXGroup;
			children = (
			);
			path = EGOPhotoScrollView;
			sourceTree = "<group>";
		};
		F0FDECE61625AA3100EFF6DF /* Models */ = {
			isa = PBXGroup;
			children = (
				F0FDECE31625AA2200EFF6DF /* User.h */,
				F0FDECE41625AA2200EFF6DF /* User.m */,
			);
			name = Models;
			sourceTree = "<group>";
		};
/* End PBXGroup section */

/* Begin PBXNativeTarget section */
		F0D457B216244768000B6B87 /* CigoTour */ = {
			isa = PBXNativeTarget;
			buildConfigurationList = F0D457E216244768000B6B87 /* Build configuration list for PBXNativeTarget "CigoTour" */;
			buildPhases = (
				F0D457AF16244768000B6B87 /* Sources */,
				F0D457B016244768000B6B87 /* Frameworks */,
				F0D457B116244768000B6B87 /* Resources */,
			);
			buildRules = (
			);
			dependencies = (
			);
			name = CigoTour;
			productName = CigoFirst;
			productReference = F0D457B316244768000B6B87 /* CigoTour.app */;
			productType = "com.apple.product-type.application";
		};
/* End PBXNativeTarget section */

/* Begin PBXProject section */
		F0D457AA16244768000B6B87 /* Project object */ = {
			isa = PBXProject;
			attributes = {
				LastUpgradeCheck = 0450;
				ORGANIZATIONNAME = cigo;
			};
			buildConfigurationList = F0D457AD16244768000B6B87 /* Build configuration list for PBXProject "CigoFirst" */;
			compatibilityVersion = "Xcode 3.2";
			developmentRegion = English;
			hasScannedForEncodings = 0;
			knownRegions = (
				en,
			);
			mainGroup = F0D457A816244768000B6B87;
			productRefGroup = F0D457B416244768000B6B87 /* Products */;
			projectDirPath = "";
			projectRoot = "";
			targets = (
				F0D457B216244768000B6B87 /* CigoTour */,
			);
		};
/* End PBXProject section */

/* Begin PBXResourcesBuildPhase section */
		F0D457B116244768000B6B87 /* Resources */ = {
			isa = PBXResourcesBuildPhase;
			buildActionMask = 2147483647;
			files = (
				F0D457C416244768000B6B87 /* InfoPlist.strings in Resources */,
				F0D457CC16244768000B6B87 /* Default.png in Resources */,
				F0D457CE16244768000B6B87 /* Default@2x.png in Resources */,
				F0D457D016244768000B6B87 /* Default-568h@2x.png in Resources */,
				F0D457D316244768000B6B87 /* MainStoryboard_iPhone.storyboard in Resources */,
				F0D457D616244768000B6B87 /* MainStoryboard_iPad.storyboard in Resources */,
				F0D457FE162454D8000B6B87 /* imageviewer_return.png in Resources */,
				F0D457FF162454D8000B6B87 /* imageviewer_save.png in Resources */,
				F0D45800162454D8000B6B87 /* imageviewer_toolbar_background.png in Resources */,
				F0D45802162454D8000B6B87 /* PhotoViewer.xib in Resources */,
				F0D45803162454D8000B6B87 /* rotate_left.png in Resources */,
				F0D45804162454D8000B6B87 /* rotate_right.png in Resources */,
				F0D45805162454D8000B6B87 /* zoom_in.png in Resources */,
				F0D45806162454D8000B6B87 /* zoom_out.png in Resources */,
				F0D4580E162454E9000B6B87 /* blueArrow.png in Resources */,
				F0D4580F162454E9000B6B87 /* blueArrow@2x.png in Resources */,
				F0D45810162454E9000B6B87 /* blueArrowDown.png in Resources */,
				F0D45811162454E9000B6B87 /* blueArrowDown@2x.png in Resources */,
				F082AC2716257A190031528B /* CalculatorView.xib in Resources */,
			);
			runOnlyForDeploymentPostprocessing = 0;
		};
/* End PBXResourcesBuildPhase section */

/* Begin PBXSourcesBuildPhase section */
		F0D457AF16244768000B6B87 /* Sources */ = {
			isa = PBXSourcesBuildPhase;
			buildActionMask = 2147483647;
			files = (
				F0D457C616244768000B6B87 /* main.m in Sources */,
				F0D457CA16244768000B6B87 /* AppDelegate.m in Sources */,
				F0D457D916244768000B6B87 /* CigoFirst.xcdatamodeld in Sources */,
				F0D457DC16244768000B6B87 /* MasterViewController.m in Sources */,
				F0D457DF16244768000B6B87 /* DetailViewController.m in Sources */,
				F0D457EF162449E6000B6B87 /* MBProgressHUD.m in Sources */,
				F0D457F216244E4D000B6B87 /* Utility.m in Sources */,
				F0D45801162454D8000B6B87 /* PhotoViewer.m in Sources */,
				F0D45812162454E9000B6B87 /* PullingRefreshTableView.m in Sources */,
				F0D4582D1624554E000B6B87 /* EGOCache.m in Sources */,
				F0D4582E1624554E000B6B87 /* EGOImageButton.m in Sources */,
				F0D4582F1624554E000B6B87 /* EGOImageLoadConnection.m in Sources */,
				F0D458301624554E000B6B87 /* EGOImageLoader.m in Sources */,
				F0D458311624554E000B6B87 /* EGOImageView.m in Sources */,
				F08A088E16258217009BB29D /* CalculatorView.m in Sources */,
				F0FDECD616259D0A00EFF6DF /* AddContactViewController.m in Sources */,
				F0FDECE51625AA2200EFF6DF /* User.m in Sources */,
				F0BD983D162AA9C400659295 /* AddEntryViewController.m in Sources */,
				F0BD987E162BB9C700659295 /* MagicalImportFunctions.m in Sources */,
				F0BD987F162BB9C700659295 /* NSAttributeDescription+MagicalDataImport.m in Sources */,
				F0BD9880162BB9C700659295 /* NSEntityDescription+MagicalDataImport.m in Sources */,
				F0BD9881162BB9C700659295 /* NSNumber+MagicalDataImport.m in Sources */,
				F0BD9882162BB9C700659295 /* NSObject+MagicalDataImport.m in Sources */,
				F0BD9883162BB9C700659295 /* NSRelationshipDescription+MagicalDataImport.m in Sources */,
				F0BD9884162BB9C700659295 /* NSString+MagicalDataImport.m in Sources */,
				F0BD9885162BB9C700659295 /* NSManagedObject+MagicalAggregation.m in Sources */,
				F0BD9886162BB9C700659295 /* NSManagedObject+MagicalDataImport.m in Sources */,
				F0BD9887162BB9C700659295 /* NSManagedObject+MagicalFinders.m in Sources */,
				F0BD9888162BB9C700659295 /* NSManagedObject+MagicalRecord.m in Sources */,
				F0BD9889162BB9C700659295 /* NSManagedObject+MagicalRequests.m in Sources */,
				F0BD988A162BB9C700659295 /* NSManagedObjectContext+MagicalObserving.m in Sources */,
				F0BD988B162BB9C700659295 /* NSManagedObjectContext+MagicalRecord.m in Sources */,
				F0BD988C162BB9C700659295 /* NSManagedObjectContext+MagicalSaves.m in Sources */,
				F0BD988D162BB9C700659295 /* NSManagedObjectContext+MagicalThreading.m in Sources */,
				F0BD988E162BB9C700659295 /* NSManagedObjectModel+MagicalRecord.m in Sources */,
				F0BD988F162BB9C700659295 /* NSPersistentStore+MagicalRecord.m in Sources */,
				F0BD9890162BB9C700659295 /* NSPersistentStoreCoordinator+MagicalRecord.m in Sources */,
				F0BD9891162BB9C700659295 /* MagicalRecord+Actions.m in Sources */,
				F0BD9892162BB9C700659295 /* MagicalRecord+ErrorHandling.m in Sources */,
				F0BD9893162BB9C700659295 /* MagicalRecord+iCloud.m in Sources */,
				F0BD9894162BB9C700659295 /* MagicalRecord+Options.m in Sources */,
				F0BD9895162BB9C700659295 /* MagicalRecord+Setup.m in Sources */,
				F0BD9896162BB9C700659295 /* MagicalRecord+ShorthandSupport.m in Sources */,
				F0BD9897162BB9C700659295 /* MagicalRecord.m in Sources */,
			);
			runOnlyForDeploymentPostprocessing = 0;
		};
/* End PBXSourcesBuildPhase section */

/* Begin PBXVariantGroup section */
		F0D457C216244768000B6B87 /* InfoPlist.strings */ = {
			isa = PBXVariantGroup;
			children = (
				F0D457C316244768000B6B87 /* en */,
			);
			name = InfoPlist.strings;
			sourceTree = "<group>";
		};
		F0D457D116244768000B6B87 /* MainStoryboard_iPhone.storyboard */ = {
			isa = PBXVariantGroup;
			children = (
				F0D457D216244768000B6B87 /* en */,
			);
			name = MainStoryboard_iPhone.storyboard;
			path = CigoFirst;
			sourceTree = "<group>";
		};
		F0D457D416244768000B6B87 /* MainStoryboard_iPad.storyboard */ = {
			isa = PBXVariantGroup;
			children = (
				F0D457D516244768000B6B87 /* en */,
			);
			name = MainStoryboard_iPad.storyboard;
			path = CigoFirst;
			sourceTree = "<group>";
		};
/* End PBXVariantGroup section */

/* Begin XCBuildConfiguration section */
		F0D457E016244768000B6B87 /* Debug */ = {
			isa = XCBuildConfiguration;
			buildSettings = {
				ALWAYS_SEARCH_USER_PATHS = NO;
				CLANG_CXX_LANGUAGE_STANDARD = "gnu++0x";
				CLANG_CXX_LIBRARY = "libc++";
				CLANG_ENABLE_OBJC_ARC = YES;
				CLANG_WARN_EMPTY_BODY = YES;
				CLANG_WARN__DUPLICATE_METHOD_MATCH = YES;
				"CODE_SIGN_IDENTITY[sdk=iphoneos*]" = "iPhone Developer";
				COPY_PHASE_STRIP = NO;
				GCC_C_LANGUAGE_STANDARD = gnu99;
				GCC_DYNAMIC_NO_PIC = NO;
				GCC_OPTIMIZATION_LEVEL = 0;
				GCC_PREPROCESSOR_DEFINITIONS = (
					"DEBUG=1",
					"$(inherited)",
				);
				GCC_SYMBOLS_PRIVATE_EXTERN = NO;
				GCC_WARN_ABOUT_RETURN_TYPE = YES;
				GCC_WARN_UNINITIALIZED_AUTOS = YES;
				GCC_WARN_UNUSED_VARIABLE = YES;
				IPHONEOS_DEPLOYMENT_TARGET = 6.0;
				SDKROOT = iphoneos;
				TARGETED_DEVICE_FAMILY = "1,2";
			};
			name = Debug;
		};
		F0D457E116244768000B6B87 /* Release */ = {
			isa = XCBuildConfiguration;
			buildSettings = {
				ALWAYS_SEARCH_USER_PATHS = NO;
				CLANG_CXX_LANGUAGE_STANDARD = "gnu++0x";
				CLANG_CXX_LIBRARY = "libc++";
				CLANG_ENABLE_OBJC_ARC = YES;
				CLANG_WARN_EMPTY_BODY = YES;
				CLANG_WARN__DUPLICATE_METHOD_MATCH = YES;
				"CODE_SIGN_IDENTITY[sdk=iphoneos*]" = "iPhone Developer";
				COPY_PHASE_STRIP = YES;
				GCC_C_LANGUAGE_STANDARD = gnu99;
				GCC_WARN_ABOUT_RETURN_TYPE = YES;
				GCC_WARN_UNINITIALIZED_AUTOS = YES;
				GCC_WARN_UNUSED_VARIABLE = YES;
				IPHONEOS_DEPLOYMENT_TARGET = 6.0;
				OTHER_CFLAGS = "-DNS_BLOCK_ASSERTIONS=1";
				SDKROOT = iphoneos;
				TARGETED_DEVICE_FAMILY = "1,2";
				VALIDATE_PRODUCT = YES;
			};
			name = Release;
		};
		F0D457E316244768000B6B87 /* Debug */ = {
			isa = XCBuildConfiguration;
			buildSettings = {
				GCC_PRECOMPILE_PREFIX_HEADER = YES;
				GCC_PREFIX_HEADER = "CigoFirst/CigoFirst-Prefix.pch";
				INFOPLIST_FILE = "CigoFirst/CigoFirst-Info.plist";
				OTHER_LDFLAGS = (
					"-ObjC",
					"-all_load",
				);
				PRODUCT_NAME = "$(TARGET_NAME)";
				WRAPPER_EXTENSION = app;
			};
			name = Debug;
		};
		F0D457E416244768000B6B87 /* Release */ = {
			isa = XCBuildConfiguration;
			buildSettings = {
				GCC_PRECOMPILE_PREFIX_HEADER = YES;
				GCC_PREFIX_HEADER = "CigoFirst/CigoFirst-Prefix.pch";
				INFOPLIST_FILE = "CigoFirst/CigoFirst-Info.plist";
				OTHER_LDFLAGS = (
					"-ObjC",
					"-all_load",
				);
				PRODUCT_NAME = "$(TARGET_NAME)";
				WRAPPER_EXTENSION = app;
			};
			name = Release;
		};
/* End XCBuildConfiguration section */

/* Begin XCConfigurationList section */
		F0D457AD16244768000B6B87 /* Build configuration list for PBXProject "CigoFirst" */ = {
			isa = XCConfigurationList;
			buildConfigurations = (
				F0D457E016244768000B6B87 /* Debug */,
				F0D457E116244768000B6B87 /* Release */,
			);
			defaultConfigurationIsVisible = 0;
			defaultConfigurationName = Release;
		};
		F0D457E216244768000B6B87 /* Build configuration list for PBXNativeTarget "CigoTour" */ = {
			isa = XCConfigurationList;
			buildConfigurations = (
				F0D457E316244768000B6B87 /* Debug */,
				F0D457E416244768000B6B87 /* Release */,
			);
			defaultConfigurationIsVisible = 0;
			defaultConfigurationName = Release;
		};
/* End XCConfigurationList section */

/* Begin XCVersionGroup section */
		F0D457D716244768000B6B87 /* CigoFirst.xcdatamodeld */ = {
			isa = XCVersionGroup;
			children = (
				F0D457D816244768000B6B87 /* CigoFirst.xcdatamodel */,
			);
			currentVersion = F0D457D816244768000B6B87 /* CigoFirst.xcdatamodel */;
			name = CigoFirst.xcdatamodeld;
			path = CigoFirst/CigoFirst.xcdatamodeld;
			sourceTree = "<group>";
			versionGroupType = wrapper.xcdatamodel;
		};
/* End XCVersionGroup section */
	};
	rootObject = F0D457AA16244768000B6B87 /* Project object */;
}
